
Microsoft Visual Studio Solution File, Format Version 12.00
# Visual Studio 15
VisualStudioVersion = 15.0.27703.2042
MinimumVisualStudioVersion = 10.0.40219.1
Project("{FAE04EC0-301F-11D3-BF4B-00C04F79EFBC}") = "IW_GildedRose", "IW_GildedRose\IW_GildedRose.csproj", "{1DAC4173-3D7B-4944-B6D4-C82481E5D52D}"
EndProject
Project("{FAE04EC0-301F-11D3-BF4B-00C04F79EFBC}") = "IW_GildedRoseTest", "IW_GildedRoseTest\IW_GildedRoseTest.csproj", "{F1095DF4-3A71-4C0C-B864-BB6BF967F8C5}"
EndProject
Global
	GlobalSection(SolutionConfigurationPlatforms) = preSolution
		Debug|Any CPU = Debug|Any CPU
		Release|Any CPU = Release|Any CPU
	EndGlobalSection
	GlobalSection(ProjectConfigurationPlatforms) = postSolution
		{1DAC4173-3D7B-4944-B6D4-C82481E5D52D}.Debug|Any CPU.ActiveCfg = Debug|Any CPU
		{1DAC4173-3D7B-4944-B6D4-C82481E5D52D}.Debug|Any CPU.Build.0 = Debug|Any CPU
		{1DAC4173-3D7B-4944-B6D4-C82481E5D52D}.Release|Any CPU.ActiveCfg = Release|Any CPU
		{1DAC4173-3D7B-4944-B6D4-C82481E5D52D}.Release|Any CPU.Build.0 = Release|Any CPU
		{F1095DF4-3A71-4C0C-B864-BB6BF967F8C5}.Debug|Any CPU.ActiveCfg = Debug|Any CPU
		{F1095DF4-3A71-4C0C-B864-BB6BF967F8C5}.Debug|Any CPU.Build.0 = Debug|Any CPU
		{F1095DF4-3A71-4C0C-B864-BB6BF967F8C5}.Release|Any CPU.ActiveCfg = Release|Any CPU
		{F1095DF4-3A71-4C0C-B864-BB6BF967F8C5}.Release|Any CPU.Build.0 = Release|Any CPU
	EndGlobalSection
	GlobalSection(SolutionProperties) = preSolution
		HideSolutionNode = FALSE
	EndGlobalSection
	GlobalSection(ExtensibilityGlobals) = postSolution
		SolutionGuid = {E01D7AFF-FA15-473A-980E-A7D9967C7591}
	EndGlobalSection
EndGlobal
